PODS:
  - FBAEMKit (17.0.3):
    - FBSDKCoreKit_Basics (= 17.0.3)
  - FBSDKCoreKit (17.0.3):
    - FBAEMKit (= 17.0.3)
    - FBSDKCoreKit_Basics (= 17.0.3)
  - FBSDKCoreKit_Basics (17.0.3)
  - FBSDKLoginKit (17.0.3):
    - FBSDKCoreKit (= 17.0.3)
  - Flutter (1.0.0)
  - flutter_facebook_auth (6.2.0):
    - FBSDKLoginKit (~> 17.0.0)
    - Flutter
  - flutter_secure_storage (6.0.0):
    - Flutter
  - permission_handler_apple (9.3.0):
    - Flutter
  - sign_in_with_apple (0.0.1):
    - Flutter
  - twilio_flutter_video_sdk (0.0.1):
    - Flutter
    - TwilioVideo (~> 5.3.0)
  - TwilioVideo (5.3.0)

DEPENDENCIES:
  - Flutter (from `Flutter`)
  - flutter_facebook_auth (from `.symlinks/plugins/flutter_facebook_auth/ios`)
  - flutter_secure_storage (from `.symlinks/plugins/flutter_secure_storage/ios`)
  - permission_handler_apple (from `.symlinks/plugins/permission_handler_apple/ios`)
  - sign_in_with_apple (from `.symlinks/plugins/sign_in_with_apple/ios`)
  - twilio_flutter_video_sdk (from `.symlinks/plugins/twilio_flutter_video_sdk/ios`)

SPEC REPOS:
  trunk:
    - FBAEMKit
    - FBSDKCoreKit
    - FBSDKCoreKit_Basics
    - FBSDKLoginKit
    - TwilioVideo

EXTERNAL SOURCES:
  Flutter:
    :path: Flutter
  flutter_facebook_auth:
    :path: ".symlinks/plugins/flutter_facebook_auth/ios"
  flutter_secure_storage:
    :path: ".symlinks/plugins/flutter_secure_storage/ios"
  permission_handler_apple:
    :path: ".symlinks/plugins/permission_handler_apple/ios"
  sign_in_with_apple:
    :path: ".symlinks/plugins/sign_in_with_apple/ios"
  twilio_flutter_video_sdk:
    :path: ".symlinks/plugins/twilio_flutter_video_sdk/ios"

SPEC CHECKSUMS:
  FBAEMKit: 9900b2edd99a2d21629a6277e6166f14c6215799
  FBSDKCoreKit: 0791f8f68a8630931a4c12aa23a56cc021551596
  FBSDKCoreKit_Basics: 46d6b472c0dd0a5a7e972c025033d1c567f54eb4
  FBSDKLoginKit: b4a4eba1d62eb452544411824f41689adabd5bd2
  Flutter: cabc95a1d2626b1b06e7179b784ebcf0c0cde467
  flutter_facebook_auth: 2f28c889d5727b4538ed8d25be3367092b2cbef7
  flutter_secure_storage: 1ed9476fba7e7a782b22888f956cce43e2c62f13
  permission_handler_apple: 4ed2196e43d0651e8ff7ca3483a069d469701f2d
  sign_in_with_apple: c5dcc141574c8c54d5ac99dd2163c0c72ad22418
  twilio_flutter_video_sdk: 9544ce04ef06da833abeeca58a1f9e84b8f79241
  TwilioVideo: a7bdb489205098d605b2769b3352e8a0b3e9527a

PODFILE CHECKSUM: 3268cbae0d067c6b65da185ce156dd3aaa05ef08

COCOAPODS: 1.17.0
